
Microsoft Visual Studio Solution File, Format Version 12.00
# Visual Studio 2012
Project("{FAE04EC0-301F-11D3-BF4B-00C04F79EFBC}") = "ExoPlayer", "ExoPlayer\ExoPlayer.csproj", "{0B871C50-6D5D-45D0-B32D-84E25ADB869A}"
EndProject
Project("{FAE04EC0-301F-11D3-BF4B-00C04F79EFBC}") = "Exoplayer.Droid", "Samples\Simple\Exoplayer.Droid.csproj", "{C66BD696-BBE4-4341-B0A9-5518A68D5153}"
EndProject
Project("{FAE04EC0-301F-11D3-BF4B-00C04F79EFBC}") = "ExoPlayer.Demo", "Samples\Official Demo\ExoPlayer.Demo.csproj", "{05CAE29B-694A-4AA9-AC07-F6F2F6B1C857}"
EndProject
Global
	GlobalSection(SolutionConfigurationPlatforms) = preSolution
		Debug|Any CPU = Debug|Any CPU
		Release|Any CPU = Release|Any CPU
	EndGlobalSection
	GlobalSection(ProjectConfigurationPlatforms) = postSolution
		{05CAE29B-694A-4AA9-AC07-F6F2F6B1C857}.Debug|Any CPU.ActiveCfg = Debug|Any CPU
		{05CAE29B-694A-4AA9-AC07-F6F2F6B1C857}.Debug|Any CPU.Build.0 = Debug|Any CPU
		{05CAE29B-694A-4AA9-AC07-F6F2F6B1C857}.Release|Any CPU.ActiveCfg = Release|Any CPU
		{05CAE29B-694A-4AA9-AC07-F6F2F6B1C857}.Release|Any CPU.Build.0 = Release|Any CPU
		{0B871C50-6D5D-45D0-B32D-84E25ADB869A}.Debug|Any CPU.ActiveCfg = Debug|Any CPU
		{0B871C50-6D5D-45D0-B32D-84E25ADB869A}.Debug|Any CPU.Build.0 = Debug|Any CPU
		{0B871C50-6D5D-45D0-B32D-84E25ADB869A}.Release|Any CPU.ActiveCfg = Release|Any CPU
		{0B871C50-6D5D-45D0-B32D-84E25ADB869A}.Release|Any CPU.Build.0 = Release|Any CPU
		{C66BD696-BBE4-4341-B0A9-5518A68D5153}.Debug|Any CPU.ActiveCfg = Debug|Any CPU
		{C66BD696-BBE4-4341-B0A9-5518A68D5153}.Debug|Any CPU.Build.0 = Debug|Any CPU
		{C66BD696-BBE4-4341-B0A9-5518A68D5153}.Release|Any CPU.ActiveCfg = Release|Any CPU
		{C66BD696-BBE4-4341-B0A9-5518A68D5153}.Release|Any CPU.Build.0 = Release|Any CPU
	EndGlobalSection
EndGlobal
